{
  "name": "data-library",
  "version": "1.0.0",
  "lockfileVersion": 2,
  "requires": true,
  "packages": {
    "": {
      "name": "data-library",
      "version": "1.0.0",
      "license": "MIT",
      "dependencies": {
        "livr": "^2.3.3",
        "livr-extra-rules": "^1.2.1"
      }
    },
    "node_modules/livr": {
      "version": "2.3.3",
      "resolved": "https://registry.npmjs.org/livr/-/livr-2.3.3.tgz",
      "integrity": "sha512-I39Zwf2c9XH3rOGRlIMIq04K0bQltYss3U+SUAP1T6zbZvPdDQVgRU2Cpw4P3CaPYJdqPdC20vnbK8N8yWcrHQ=="
    },
    "node_modules/livr-extra-rules": {
      "version": "1.2.1",
      "resolved": "https://registry.npmjs.org/livr-extra-rules/-/livr-extra-rules-1.2.1.tgz",
      "integrity": "sha512-F2y79mEzvqQ/ypP/LI1K+XaKMvHvMWlEDQ5+fh/F/w907sZOn6s2D6AMagU0ulAAY0P/PTefd05/P+xBOdvZdw==",
      "peerDependencies": {
        "livr": "*"
      }
    }
  },
  "dependencies": {
    "livr": {
      "version": "2.3.3",
      "resolved": "https://registry.npmjs.org/livr/-/livr-2.3.3.tgz",
      "integrity": "sha512-I39Zwf2c9XH3rOGRlIMIq04K0bQltYss3U+SUAP1T6zbZvPdDQVgRU2Cpw4P3CaPYJdqPdC20vnbK8N8yWcrHQ=="
    },
    "livr-extra-rules": {
      "version": "1.2.1",
      "resolved": "https://registry.npmjs.org/livr-extra-rules/-/livr-extra-rules-1.2.1.tgz",
      "integrity": "sha512-F2y79mEzvqQ/ypP/LI1K+XaKMvHvMWlEDQ5+fh/F/w907sZOn6s2D6AMagU0ulAAY0P/PTefd05/P+xBOdvZdw==",
      "requires": {}
    }
  }
}
